github.com/asaskevich/govalidator v0.0.0-20190424111038-f61b66f89f4a h1:idn718Q4B6AGu/h5Sxe66HYVdqdGu2l9Iebqhi/AEoA=
github.com/asaskevich/govalidator v0.0.0-20190424111038-f61b66f89f4a/go.mod h1:lB+ZfQJz7igIIfQNfa7Ml4HSf2uFQQRzpGGRXenZAgY=
github.com/davecgh/go-spew v1.1.0 h1:ZDRjVQ15GmhC3fiQ8ni8+OwkZQO4DARzQgrnXU1Liz8=
github.com/davecgh/go-spew v1.1.0/go.mod h1:J7Y8YcW2NihsgmVo/mv3lAwl/skON4iLHjSsI+c5H38=
github.com/glenn-brown/golang-pkg-pcre v0.0.0-20120522223659-48bb82a8b8ce h1:MS/JOOAHf4U2iKl8+1+vzUcG9t9ru1hnZJ9NEBDvMnY=
github.com/glenn-brown/golang-pkg-pcre v0.0.0-20120522223659-48bb82a8b8ce/go.mod h1:5385NDJ+Gt5loLrAlc8Rr5lKA1L5BE5O94jfdwEX9kg=
github.com/pmezard/go-difflib v1.0.0 h1:4DBwDE0NGyQoBHbLQYPwSUPoCMWR5BEzIk/f1lZbAQM=
github.com/pmezard/go-difflib v1.0.0/go.mod h1:iKH77koFhYxTK1pcRnkKkqfTogsbg7gZNVY4sRDYZ/4=
github.com/samthor/sre2 v0.0.0-20150929104051-385a11de6465 h1:wBlPHvlbdZ6ayo7VQwOB5ELOBR60NILwliYKzzL6kCI=
github.com/samthor/sre2 v0.0.0-20150929104051-385a11de6465/go.mod h1:wC7NlXky67Bw5ByutSFPgjYbr3k45tgjnOeYnPM7nek=
github.com/stretchr/objx v0.1.0/go.mod h1:HFkY916IF+rwdDfMAkV7OtwuqBVzrE8GR6GFx+wExME=
github.com/stretchr/testify v1.3.0 h1:TivCn/peBQ7UY8ooIcPgZFpTNSz0Q2U6UrFlUfqbe0Q=
github.com/stretchr/testify v1.3.0/go.mod h1:M5WIy9Dh21IEIfnGCwXGc5bZfKNJtfHm1UVUgZn+9EI=
